// !$*UTF8*$!
{
	archiveVersion = 1;
	classes = {
	};
	objectVersion = 46;
	objects = {

/* Begin PBXBuildFile section */
		2BF7503A1E6E924F00110B67 /* AppDelegate.swift in Sources */ = {isa = PBXBuildFile; fileRef = 2BF750391E6E924F00110B67 /* AppDelegate.swift */; };
		2BF7503C1E6E924F00110B67 /* ViewController.swift in Sources */ = {isa = PBXBuildFile; fileRef = 2BF7503B1E6E924F00110B67 /* ViewController.swift */; };
		2BF7503F1E6E924F00110B67 /* Main.storyboard in Resources */ = {isa = PBXBuildFile; fileRef = 2BF7503D1E6E924F00110B67 /* Main.storyboard */; };
		2BF750411E6E924F00110B67 /* Assets.xcassets in Resources */ = {isa = PBXBuildFile; fileRef = 2BF750401E6E924F00110B67 /* Assets.xcassets */; };
		2BF750441E6E924F00110B67 /* LaunchScreen.storyboard in Resources */ = {isa = PBXBuildFile; fileRef = 2BF750421E6E924F00110B67 /* LaunchScreen.storyboard */; };
		2BF7504F1E6E924F00110B67 /* sampleSwitchTests.swift in Sources */ = {isa = PBXBuildFile; fileRef = 2BF7504E1E6E924F00110B67 /* sampleSwitchTests.swift */; };
		2BF7505A1E6E924F00110B67 /* sampleSwitchUITests.swift in Sources */ = {isa = PBXBuildFile; fileRef = 2BF750591E6E924F00110B67 /* sampleSwitchUITests.swift */; };
/* End PBXBuildFile section */

/* Begin PBXContainerItemProxy section */
		2BF7504B1E6E924F00110B67 /* PBXContainerItemProxy */ = {
			isa = PBXContainerItemProxy;
			containerPortal = 2BF7502E1E6E924F00110B67 /* Project object */;
			proxyType = 1;
			remoteGlobalIDString = 2BF750351E6E924F00110B67;
			remoteInfo = sampleSwitch;
		};
		2BF750561E6E924F00110B67 /* PBXContainerItemProxy */ = {
			isa = PBXContainerItemProxy;
			containerPortal = 2BF7502E1E6E924F00110B67 /* Project object */;
			proxyType = 1;
			remoteGlobalIDString = 2BF750351E6E924F00110B67;
			remoteInfo = sampleSwitch;
		};
/* End PBXContainerItemProxy section */

/* Begin PBXFileReference section */
		2BF750361E6E924F00110B67 /* sampleSwitch.app */ = {isa = PBXFileReference; explicitFileType = wrapper.application; includeInIndex = 0; path = sampleSwitch.app; sourceTree = BUILT_PRODUCTS_DIR; };
		2BF750391E6E924F00110B67 /* AppDelegate.swift */ = {isa = PBXFileReference; lastKnownFileType = sourcecode.swift; path = AppDelegate.swift; sourceTree = "<group>"; };
		2BF7503B1E6E924F00110B67 /* ViewController.swift */ = {isa = PBXFileReference; lastKnownFileType = sourcecode.swift; path = ViewController.swift; sourceTree = "<group>"; };
		2BF7503E1E6E924F00110B67 /* Base */ = {isa = PBXFileReference; lastKnownFileType = file.storyboard; name = Base; path = Base.lproj/Main.storyboard; sourceTree = "<group>"; };
		2BF750401E6E924F00110B67 /* Assets.xcassets */ = {isa = PBXFileReference; lastKnownFileType = folder.assetcatalog; path = Assets.xcassets; sourceTree = "<group>"; };
		2BF750431E6E924F00110B67 /* Base */ = {isa = PBXFileReference; lastKnownFileType = file.storyboard; name = Base; path = Base.lproj/LaunchScreen.storyboard; sourceTree = "<group>"; };
		2BF750451E6E924F00110B67 /* Info.plist */ = {isa = PBXFileReference; lastKnownFileType = text.plist.xml; path = Info.plist; sourceTree = "<group>"; };
		2BF7504A1E6E924F00110B67 /* sampleSwitchTests.xctest */ = {isa = PBXFileReference; explicitFileType = wrapper.cfbundle; includeInIndex = 0; path = sampleSwitchTests.xctest; sourceTree = BUILT_PRODUCTS_DIR; };
		2BF7504E1E6E924F00110B67 /* sampleSwitchTests.swift */ = {isa = PBXFileReference; lastKnownFileType = sourcecode.swift; path = sampleSwitchTests.swift; sourceTree = "<group>"; };
		2BF750501E6E924F00110B67 /* Info.plist */ = {isa = PBXFileReference; lastKnownFileType = text.plist.xml; path = Info.plist; sourceTree = "<group>"; };
		2BF750551E6E924F00110B67 /* sampleSwitchUITests.xctest */ = {isa = PBXFileReference; explicitFileType = wrapper.cfbundle; includeInIndex = 0; path = sampleSwitchUITests.xctest; sourceTree = BUILT_PRODUCTS_DIR; };
		2BF750591E6E924F00110B67 /* sampleSwitchUITests.swift */ = {isa = PBXFileReference; lastKnownFileType = sourcecode.swift; path = sampleSwitchUITests.swift; sourceTree = "<group>"; };
		2BF7505B1E6E924F00110B67 /* Info.plist */ = {isa = PBXFileReference; lastKnownFileType = text.plist.xml; path = Info.plist; sourceTree = "<group>"; };
/* End PBXFileReference section */

/* Begin PBXFrameworksBuildPhase section */
		2BF750331E6E924F00110B67 /* Frameworks */ = {
			isa = PBXFrameworksBuildPhase;
			buildActionMask = 2147483647;
			files = (
			);
			runOnlyForDeploymentPostprocessing = 0;
		};
		2BF750471E6E924F00110B67 /* Frameworks */ = {
			isa = PBXFrameworksBuildPhase;
			buildActionMask = 2147483647;
			files = (
			);
			runOnlyForDeploymentPostprocessing = 0;
		};
		2BF750521E6E924F00110B67 /* Frameworks */ = {
			isa = PBXFrameworksBuildPhase;
			buildActionMask = 2147483647;
			files = (
			);
			runOnlyForDeploymentPostprocessing = 0;
		};
/* End PBXFrameworksBuildPhase section */

/* Begin PBXGroup section */
		2BF7502D1E6E924F00110B67 = {
			isa = PBXGroup;
			children = (
				2BF750381E6E924F00110B67 /* sampleSwitch */,
				2BF7504D1E6E924F00110B67 /* sampleSwitchTests */,
				2BF750581E6E924F00110B67 /* sampleSwitchUITests */,
				2BF750371E6E924F00110B67 /* Products */,
			);
			sourceTree = "<group>";
		};
		2BF750371E6E924F00110B67 /* Products */ = {
			isa = PBXGroup;
			children = (
				2BF750361E6E924F00110B67 /* sampleSwitch.app */,
				2BF7504A1E6E924F00110B67 /* sampleSwitchTests.xctest */,
				2BF750551E6E924F00110B67 /* sampleSwitchUITests.xctest */,
			);
			name = Products;
			sourceTree = "<group>";
		};
		2BF750381E6E924F00110B67 /* sampleSwitch */ = {
			isa = PBXGroup;
			children = (
				2BF750391E6E924F00110B67 /* AppDelegate.swift */,
				2BF7503B1E6E924F00110B67 /* ViewController.swift */,
				2BF7503D1E6E924F00110B67 /* Main.storyboard */,
				2BF750401E6E924F00110B67 /* Assets.xcassets */,
				2BF750421E6E924F00110B67 /* LaunchScreen.storyboard */,
				2BF750451E6E924F00110B67 /* Info.plist */,
			);
			path = sampleSwitch;
			sourceTree = "<group>";
		};
		2BF7504D1E6E924F00110B67 /* sampleSwitchTests */ = {
			isa = PBXGroup;
			children = (
				2BF7504E1E6E924F00110B67 /* sampleSwitchTests.swift */,
				2BF750501E6E924F00110B67 /* Info.plist */,
			);
			path = sampleSwitchTests;
			sourceTree = "<group>";
		};
		2BF750581E6E924F00110B67 /* sampleSwitchUITests */ = {
			isa = PBXGroup;
			children = (
				2BF750591E6E924F00110B67 /* sampleSwitchUITests.swift */,
				2BF7505B1E6E924F00110B67 /* Info.plist */,
			);
			path = sampleSwitchUITests;
			sourceTree = "<group>";
		};
/* End PBXGroup section */

/* Begin PBXNativeTarget section */
		2BF750351E6E924F00110B67 /* sampleSwitch */ = {
			isa = PBXNativeTarget;
			buildConfigurationList = 2BF7505E1E6E924F00110B67 /* Build configuration list for PBXNativeTarget "sampleSwitch" */;
			buildPhases = (
				2BF750321E6E924F00110B67 /* Sources */,
				2BF750331E6E924F00110B67 /* Frameworks */,
				2BF750341E6E924F00110B67 /* Resources */,
			);
			buildRules = (
			);
			dependencies = (
			);
			name = sampleSwitch;
			productName = sampleSwitch;
			productReference = 2BF750361E6E924F00110B67 /* sampleSwitch.app */;
			productType = "com.apple.product-type.application";
		};
		2BF750491E6E924F00110B67 /* sampleSwitchTests */ = {
			isa = PBXNativeTarget;
			buildConfigurationList = 2BF750611E6E924F00110B67 /* Build configuration list for PBXNativeTarget "sampleSwitchTests" */;
			buildPhases = (
				2BF750461E6E924F00110B67 /* Sources */,
				2BF750471E6E924F00110B67 /* Frameworks */,
				2BF750481E6E924F00110B67 /* Resources */,
			);
			buildRules = (
			);
			dependencies = (
				2BF7504C1E6E924F00110B67 /* PBXTargetDependency */,
			);
			name = sampleSwitchTests;
			productName = sampleSwitchTests;
			productReference = 2BF7504A1E6E924F00110B67 /* sampleSwitchTests.xctest */;
			productType = "com.apple.product-type.bundle.unit-test";
		};
		2BF750541E6E924F00110B67 /* sampleSwitchUITests */ = {
			isa = PBXNativeTarget;
			buildConfigurationList = 2BF750641E6E924F00110B67 /* Build configuration list for PBXNativeTarget "sampleSwitchUITests" */;
			buildPhases = (
				2BF750511E6E924F00110B67 /* Sources */,
				2BF750521E6E924F00110B67 /* Frameworks */,
				2BF750531E6E924F00110B67 /* Resources */,
			);
			buildRules = (
			);
			dependencies = (
				2BF750571E6E924F00110B67 /* PBXTargetDependency */,
			);
			name = sampleSwitchUITests;
			productName = sampleSwitchUITests;
			productReference = 2BF750551E6E924F00110B67 /* sampleSwitchUITests.xctest */;
			productType = "com.apple.product-type.bundle.ui-testing";
		};
/* End PBXNativeTarget section */

/* Begin PBXProject section */
		2BF7502E1E6E924F00110B67 /* Project object */ = {
			isa = PBXProject;
			attributes = {
				LastSwiftUpdateCheck = 0820;
				LastUpgradeCheck = 0820;
				ORGANIZATIONNAME = "Hiroto Nishisuji";
				TargetAttributes = {
					2BF750351E6E924F00110B67 = {
						CreatedOnToolsVersion = 8.2.1;
						ProvisioningStyle = Automatic;
					};
					2BF750491E6E924F00110B67 = {
						CreatedOnToolsVersion = 8.2.1;
						ProvisioningStyle = Automatic;
						TestTargetID = 2BF750351E6E924F00110B67;
					};
					2BF750541E6E924F00110B67 = {
						CreatedOnToolsVersion = 8.2.1;
						ProvisioningStyle = Automatic;
						TestTargetID = 2BF750351E6E924F00110B67;
					};
				};
			};
			buildConfigurationList = 2BF750311E6E924F00110B67 /* Build configuration list for PBXProject "sampleSwitch" */;
			compatibilityVersion = "Xcode 3.2";
			developmentRegion = English;
			hasScannedForEncodings = 0;
			knownRegions = (
				en,
				Base,
			);
			mainGroup = 2BF7502D1E6E924F00110B67;
			productRefGroup = 2BF750371E6E924F00110B67 /* Products */;
			projectDirPath = "";
			projectRoot = "";
			targets = (
				2BF750351E6E924F00110B67 /* sampleSwitch */,
				2BF750491E6E924F00110B67 /* sampleSwitchTests */,
				2BF750541E6E924F00110B67 /* sampleSwitchUITests */,
			);
		};
/* End PBXProject section */

/* Begin PBXResourcesBuildPhase section */
		2BF750341E6E924F00110B67 /* Resources */ = {
			isa = PBXResourcesBuildPhase;
			buildActionMask = 2147483647;
			files = (
				2BF750441E6E924F00110B67 /* LaunchScreen.storyboard in Resources */,
				2BF750411E6E924F00110B67 /* Assets.xcassets in Resources */,
				2BF7503F1E6E924F00110B67 /* Main.storyboard in Resources */,
			);
			runOnlyForDeploymentPostprocessing = 0;
		};
		2BF750481E6E924F00110B67 /* Resources */ = {
			isa = PBXResourcesBuildPhase;
			buildActionMask = 2147483647;
			files = (
			);
			runOnlyForDeploymentPostprocessing = 0;
		};
		2BF750531E6E924F00110B67 /* Resources */ = {
			isa = PBXResourcesBuildPhase;
			buildActionMask = 2147483647;
			files = (
			);
			runOnlyForDeploymentPostprocessing = 0;
		};
/* End PBXResourcesBuildPhase section */

/* Begin PBXSourcesBuildPhase section */
		2BF750321E6E924F00110B67 /* Sources */ = {
			isa = PBXSourcesBuildPhase;
			buildActionMask = 2147483647;
			files = (
				2BF7503C1E6E924F00110B67 /* ViewController.swift in Sources */,
				2BF7503A1E6E924F00110B67 /* AppDelegate.swift in Sources */,
			);
			runOnlyForDeploymentPostprocessing = 0;
		};
		2BF750461E6E924F00110B67 /* Sources */ = {
			isa = PBXSourcesBuildPhase;
			buildActionMask = 2147483647;
			files = (
				2BF7504F1E6E924F00110B67 /* sampleSwitchTests.swift in Sources */,
			);
			runOnlyForDeploymentPostprocessing = 0;
		};
		2BF750511E6E924F00110B67 /* Sources */ = {
			isa = PBXSourcesBuildPhase;
			buildActionMask = 2147483647;
			files = (
				2BF7505A1E6E924F00110B67 /* sampleSwitchUITests.swift in Sources */,
			);
			runOnlyForDeploymentPostprocessing = 0;
		};
/* End PBXSourcesBuildPhase section */

/* Begin PBXTargetDependency section */
		2BF7504C1E6E924F00110B67 /* PBXTargetDependency */ = {
			isa = PBXTargetDependency;
			target = 2BF750351E6E924F00110B67 /* sampleSwitch */;
			targetProxy = 2BF7504B1E6E924F00110B67 /* PBXContainerItemProxy */;
		};
		2BF750571E6E924F00110B67 /* PBXTargetDependency */ = {
			isa = PBXTargetDependency;
			target = 2BF750351E6E924F00110B67 /* sampleSwitch */;
			targetProxy = 2BF750561E6E924F00110B67 /* PBXContainerItemProxy */;
		};
/* End PBXTargetDependency section */

/* Begin PBXVariantGroup section */
		2BF7503D1E6E924F00110B67 /* Main.storyboard */ = {
			isa = PBXVariantGroup;
			children = (
				2BF7503E1E6E924F00110B67 /* Base */,
			);
			name = Main.storyboard;
			sourceTree = "<group>";
		};
		2BF750421E6E924F00110B67 /* LaunchScreen.storyboard */ = {
			isa = PBXVariantGroup;
			children = (
				2BF750431E6E924F00110B67 /* Base */,
			);
			name = LaunchScreen.storyboard;
			sourceTree = "<group>";
		};
/* End PBXVariantGroup section */

/* Begin XCBuildConfiguration section */
		2BF7505C1E6E924F00110B67 /* Debug */ = {
			isa = XCBuildConfiguration;
			buildSettings = {
				ALWAYS_SEARCH_USER_PATHS = NO;
				CLANG_ANALYZER_NONNULL = YES;
				CLANG_CXX_LANGUAGE_STANDARD = "gnu++0x";
				CLANG_CXX_LIBRARY = "libc++";
				CLANG_ENABLE_MODULES = YES;
				CLANG_ENABLE_OBJC_ARC = YES;
				CLANG_WARN_BOOL_CONVERSION = YES;
				CLANG_WARN_CONSTANT_CONVERSION = YES;
				CLANG_WARN_DIRECT_OBJC_ISA_USAGE = YES_ERROR;
				CLANG_WARN_DOCUMENTATION_COMMENTS = YES;
				CLANG_WARN_EMPTY_BODY = YES;
				CLANG_WARN_ENUM_CONVERSION = YES;
				CLANG_WARN_INFINITE_RECURSION = YES;
				CLANG_WARN_INT_CONVERSION = YES;
				CLANG_WARN_OBJC_ROOT_CLASS = YES_ERROR;
				CLANG_WARN_SUSPICIOUS_MOVE = YES;
				CLANG_WARN_UNREACHABLE_CODE = YES;
				CLANG_WARN__DUPLICATE_METHOD_MATCH = YES;
				"CODE_SIGN_IDENTITY[sdk=iphoneos*]" = "iPhone Developer";
				COPY_PHASE_STRIP = NO;
				DEBUG_INFORMATION_FORMAT = dwarf;
				ENABLE_STRICT_OBJC_MSGSEND = YES;
				ENABLE_TESTABILITY = YES;
				GCC_C_LANGUAGE_STANDARD = gnu99;
				GCC_DYNAMIC_NO_PIC = NO;
				GCC_NO_COMMON_BLOCKS = YES;
				GCC_OPTIMIZATION_LEVEL = 0;
				GCC_PREPROCESSOR_DEFINITIONS = (
					"DEBUG=1",
					"$(inherited)",
				);
				GCC_WARN_64_TO_32_BIT_CONVERSION = YES;
				GCC_WARN_ABOUT_RETURN_TYPE = YES_ERROR;
				GCC_WARN_UNDECLARED_SELECTOR = YES;
				GCC_WARN_UNINITIALIZED_AUTOS = YES_AGGRESSIVE;
				GCC_WARN_UNUSED_FUNCTION = YES;
				GCC_WARN_UNUSED_VARIABLE = YES;
				IPHONEOS_DEPLOYMENT_TARGET = 10.2;
				MTL_ENABLE_DEBUG_INFO = YES;
				ONLY_ACTIVE_ARCH = YES;
				SDKROOT = iphoneos;
				SWIFT_ACTIVE_COMPILATION_CONDITIONS = DEBUG;
				SWIFT_OPTIMIZATION_LEVEL = "-Onone";
				TARGETED_DEVICE_FAMILY = "1,2";
			};
			name = Debug;
		};
		2BF7505D1E6E924F00110B67 /* Release */ = {
			isa = XCBuildConfiguration;
			buildSettings = {
				ALWAYS_SEARCH_USER_PATHS = NO;
				CLANG_ANALYZER_NONNULL = YES;
				CLANG_CXX_LANGUAGE_STANDARD = "gnu++0x";
				CLANG_CXX_LIBRARY = "libc++";
				CLANG_ENABLE_MODULES = YES;
				CLANG_ENABLE_OBJC_ARC = YES;
				CLANG_WARN_BOOL_CONVERSION = YES;
				CLANG_WARN_CONSTANT_CONVERSION = YES;
				CLANG_WARN_DIRECT_OBJC_ISA_USAGE = YES_ERROR;
				CLANG_WARN_DOCUMENTATION_COMMENTS = YES;
				CLANG_WARN_EMPTY_BODY = YES;
				CLANG_WARN_ENUM_CONVERSION = YES;
				CLANG_WARN_INFINITE_RECURSION = YES;
				CLANG_WARN_INT_CONVERSION = YES;
				CLANG_WARN_OBJC_ROOT_CLASS = YES_ERROR;
				CLANG_WARN_SUSPICIOUS_MOVE = YES;
				CLANG_WARN_UNREACHABLE_CODE = YES;
				CLANG_WARN__DUPLICATE_METHOD_MATCH = YES;
				"CODE_SIGN_IDENTITY[sdk=iphoneos*]" = "iPhone Developer";
				COPY_PHASE_STRIP = NO;
				DEBUG_INFORMATION_FORMAT = "dwarf-with-dsym";
				ENABLE_NS_ASSERTIONS = NO;
				ENABLE_STRICT_OBJC_MSGSEND = YES;
				GCC_C_LANGUAGE_STANDARD = gnu99;
				GCC_NO_COMMON_BLOCKS = YES;
				GCC_WARN_64_TO_32_BIT_CONVERSION = YES;
				GCC_WARN_ABOUT_RETURN_TYPE = YES_ERROR;
				GCC_WARN_UNDECLARED_SELECTOR = YES;
				GCC_WARN_UNINITIALIZED_AUTOS = YES_AGGRESSIVE;
				GCC_WARN_UNUSED_FUNCTION = YES;
				GCC_WARN_UNUSED_VARIABLE = YES;
				IPHONEOS_DEPLOYMENT_TARGET = 10.2;
				MTL_ENABLE_DEBUG_INFO = NO;
				SDKROOT = iphoneos;
				SWIFT_OPTIMIZATION_LEVEL = "-Owholemodule";
				TARGETED_DEVICE_FAMILY = "1,2";
				VALIDATE_PRODUCT = YES;
			};
			name = Release;
		};
		2BF7505F1E6E924F00110B67 /* Debug */ = {
			isa = XCBuildConfiguration;
			buildSettings = {
				ASSETCATALOG_COMPILER_APPICON_NAME = AppIcon;
				INFOPLIST_FILE = sampleSwitch/Info.plist;
				LD_RUNPATH_SEARCH_PATHS = "$(inherited) @executable_path/Frameworks";
				PRODUCT_BUNDLE_IDENTIFIER = com.nishisuji.sampleSwitch;
				PRODUCT_NAME = "$(TARGET_NAME)";
				SWIFT_VERSION = 3.0;
			};
			name = Debug;
		};
		2BF750601E6E924F00110B67 /* Release */ = {
			isa = XCBuildConfiguration;
			buildSettings = {
				ASSETCATALOG_COMPILER_APPICON_NAME = AppIcon;
				INFOPLIST_FILE = sampleSwitch/Info.plist;
				LD_RUNPATH_SEARCH_PATHS = "$(inherited) @executable_path/Frameworks";
				PRODUCT_BUNDLE_IDENTIFIER = com.nishisuji.sampleSwitch;
				PRODUCT_NAME = "$(TARGET_NAME)";
				SWIFT_VERSION = 3.0;
			};
			name = Release;
		};
		2BF750621E6E924F00110B67 /* Debug */ = {
			isa = XCBuildConfiguration;
			buildSettings = {
				ALWAYS_EMBED_SWIFT_STANDARD_LIBRARIES = YES;
				BUNDLE_LOADER = "$(TEST_HOST)";
				INFOPLIST_FILE = sampleSwitchTests/Info.plist;
				LD_RUNPATH_SEARCH_PATHS = "$(inherited) @executable_path/Frameworks @loader_path/Frameworks";
				PRODUCT_BUNDLE_IDENTIFIER = com.nishisuji.sampleSwitchTests;
				PRODUCT_NAME = "$(TARGET_NAME)";
				SWIFT_VERSION = 3.0;
				TEST_HOST = "$(BUILT_PRODUCTS_DIR)/sampleSwitch.app/sampleSwitch";
			};
			name = Debug;
		};
		2BF750631E6E924F00110B67 /* Release */ = {
			isa = XCBuildConfiguration;
			buildSettings = {
				ALWAYS_EMBED_SWIFT_STANDARD_LIBRARIES = YES;
				BUNDLE_LOADER = "$(TEST_HOST)";
				INFOPLIST_FILE = sampleSwitchTests/Info.plist;
				LD_RUNPATH_SEARCH_PATHS = "$(inherited) @executable_path/Frameworks @loader_path/Frameworks";
				PRODUCT_BUNDLE_IDENTIFIER = com.nishisuji.sampleSwitchTests;
				PRODUCT_NAME = "$(TARGET_NAME)";
				SWIFT_VERSION = 3.0;
				TEST_HOST = "$(BUILT_PRODUCTS_DIR)/sampleSwitch.app/sampleSwitch";
			};
			name = Release;
		};
		2BF750651E6E924F00110B67 /* Debug */ = {
			isa = XCBuildConfiguration;
			buildSettings = {
				ALWAYS_EMBED_SWIFT_STANDARD_LIBRARIES = YES;
				INFOPLIST_FILE = sampleSwitchUITests/Info.plist;
				LD_RUNPATH_SEARCH_PATHS = "$(inherited) @executable_path/Frameworks @loader_path/Frameworks";
				PRODUCT_BUNDLE_IDENTIFIER = com.nishisuji.sampleSwitchUITests;
				PRODUCT_NAME = "$(TARGET_NAME)";
				SWIFT_VERSION = 3.0;
				TEST_TARGET_NAME = sampleSwitch;
			};
			name = Debug;
		};
		2BF750661E6E924F00110B67 /* Release */ = {
			isa = XCBuildConfiguration;
			buildSettings = {
				ALWAYS_EMBED_SWIFT_STANDARD_LIBRARIES = YES;
				INFOPLIST_FILE = sampleSwitchUITests/Info.plist;
				LD_RUNPATH_SEARCH_PATHS = "$(inherited) @executable_path/Frameworks @loader_path/Frameworks";
				PRODUCT_BUNDLE_IDENTIFIER = com.nishisuji.sampleSwitchUITests;
				PRODUCT_NAME = "$(TARGET_NAME)";
				SWIFT_VERSION = 3.0;
				TEST_TARGET_NAME = sampleSwitch;
			};
			name = Release;
		};
/* End XCBuildConfiguration section */

/* Begin XCConfigurationList section */
		2BF750311E6E924F00110B67 /* Build configuration list for PBXProject "sampleSwitch" */ = {
			isa = XCConfigurationList;
			buildConfigurations = (
				2BF7505C1E6E924F00110B67 /* Debug */,
				2BF7505D1E6E924F00110B67 /* Release */,
			);
			defaultConfigurationIsVisible = 0;
			defaultConfigurationName = Release;
		};
		2BF7505E1E6E924F00110B67 /* Build configuration list for PBXNativeTarget "sampleSwitch" */ = {
			isa = XCConfigurationList;
			buildConfigurations = (
				2BF7505F1E6E924F00110B67 /* Debug */,
				2BF750601E6E924F00110B67 /* Release */,
			);
			defaultConfigurationIsVisible = 0;
		};
		2BF750611E6E924F00110B67 /* Build configuration list for PBXNativeTarget "sampleSwitchTests" */ = {
			isa = XCConfigurationList;
			buildConfigurations = (
				2BF750621E6E924F00110B67 /* Debug */,
				2BF750631E6E924F00110B67 /* Release */,
			);
			defaultConfigurationIsVisible = 0;
		};
		2BF750641E6E924F00110B67 /* Build configuration list for PBXNativeTarget "sampleSwitchUITests" */ = {
			isa = XCConfigurationList;
			buildConfigurations = (
				2BF750651E6E924F00110B67 /* Debug */,
				2BF750661E6E924F00110B67 /* Release */,
			);
			defaultConfigurationIsVisible = 0;
		};
/* End XCConfigurationList section */
	};
	rootObject = 2BF7502E1E6E924F00110B67 /* Project object */;
}
